
Microsoft Visual Studio Solution File, Format Version 12.00
# Visual Studio Version 17
VisualStudioVersion = 17.8.34330.188
MinimumVisualStudioVersion = 10.0.40219.1
Project("{9A19103F-16F7-4668-BE54-9A1E7A4F7556}") = "CRM_lourd", "CRM_lourd\CRM_lourd.csproj", "{45E0A1AB-FB84-4414-A9AD-A6C701332F3E}"
EndProject
Project("{FAE04EC0-301F-11D3-BF4B-00C04F79EFBC}") = "CRM_lourd.Tests", "CRM_lourd.Tests\CRM_lourd.Tests.csproj", "{7FDB5E0A-FD74-4B60-AF2F-401933E1ADE2}"
EndProject
Global
	GlobalSection(SolutionConfigurationPlatforms) = preSolution
		Debug|Any CPU = Debug|Any CPU
		Release|Any CPU = Release|Any CPU
	EndGlobalSection
	GlobalSection(ProjectConfigurationPlatforms) = postSolution
		{45E0A1AB-FB84-4414-A9AD-A6C701332F3E}.Debug|Any CPU.ActiveCfg = Debug|Any CPU
		{45E0A1AB-FB84-4414-A9AD-A6C701332F3E}.Debug|Any CPU.Build.0 = Debug|Any CPU
		{45E0A1AB-FB84-4414-A9AD-A6C701332F3E}.Release|Any CPU.ActiveCfg = Release|Any CPU
		{45E0A1AB-FB84-4414-A9AD-A6C701332F3E}.Release|Any CPU.Build.0 = Release|Any CPU
		{7FDB5E0A-FD74-4B60-AF2F-401933E1ADE2}.Debug|Any CPU.ActiveCfg = Debug|Any CPU
		{7FDB5E0A-FD74-4B60-AF2F-401933E1ADE2}.Debug|Any CPU.Build.0 = Debug|Any CPU
		{7FDB5E0A-FD74-4B60-AF2F-401933E1ADE2}.Release|Any CPU.ActiveCfg = Release|Any CPU
		{7FDB5E0A-FD74-4B60-AF2F-401933E1ADE2}.Release|Any CPU.Build.0 = Release|Any CPU
	EndGlobalSection
	GlobalSection(SolutionProperties) = preSolution
		HideSolutionNode = FALSE
	EndGlobalSection
	GlobalSection(ExtensibilityGlobals) = postSolution
		SolutionGuid = {66B6AAEA-E528-4DF7-A23B-D18DC6251447}
	EndGlobalSection
EndGlobal
